
Microsoft Visual Studio Solution File, Format Version 12.00
# Visual Studio Version 17
VisualStudioVersion = 17.0.31903.59
MinimumVisualStudioVersion = 10.0.40219.1
Project("{FAE04EC0-301F-11D3-BF4B-00C04F79EFBC}") = "Courier", "Courier\Courier.csproj", "{3245BB94-1E2D-4683-8D14-8FD453438734}"
EndProject
Project("{FAE04EC0-301F-11D3-BF4B-00C04F79EFBC}") = "backendModuleA", "backendModuleA\backendModuleA.csproj", "{1C0E9952-15E1-4927-BA3F-3D0622A9328B}"
EndProject
Project("{2150E333-8FDC-42A3-9474-1A3956D46DE8}") = "backendModuleV", "backendModuleV", "{696BBFAA-904A-412D-B0D5-F7D177BECFF4}"
EndProject
Project("{FAE04EC0-301F-11D3-BF4B-00C04F79EFBC}") = "Core", "backendModuleV\Core\Core.csproj", "{DAAC3DDC-C26D-4ECF-BC84-CEFA643A5728}"
EndProject
Project("{FAE04EC0-301F-11D3-BF4B-00C04F79EFBC}") = "Infrastructure", "backendModuleV\Infrastructure\Infrastructure.csproj", "{F269543E-3386-4F45-96A9-BBC07CFC9625}"
EndProject
Project("{FAE04EC0-301F-11D3-BF4B-00C04F79EFBC}") = "API", "backendModuleV\API\API.csproj", "{456900F4-30F0-486E-94C8-CB249CBB0875}"
EndProject
Project("{2150E333-8FDC-42A3-9474-1A3956D46DE8}") = "backendModuleG", "backendModuleG", "{0D72DBC1-39D6-4A82-B5ED-C2398996B627}"
EndProject
Project("{FAE04EC0-301F-11D3-BF4B-00C04F79EFBC}") = "Core", "backendModuleG\Core\Core.csproj", "{8BA2A520-F124-4213-BF01-557B1EB8E171}"
EndProject
Project("{FAE04EC0-301F-11D3-BF4B-00C04F79EFBC}") = "Infrastructure", "backendModuleG\Infrastructure\Infrastructure.csproj", "{A313629C-F6DC-406B-95B3-172C1C7370CD}"
EndProject
Project("{FAE04EC0-301F-11D3-BF4B-00C04F79EFBC}") = "API", "backendModuleG\API\API.csproj", "{9E8A6CDD-E654-4E23-8C0C-0E463BFFC7B9}"
EndProject
Global
	GlobalSection(SolutionConfigurationPlatforms) = preSolution
		Debug|Any CPU = Debug|Any CPU
		Release|Any CPU = Release|Any CPU
	EndGlobalSection
	GlobalSection(SolutionProperties) = preSolution
		HideSolutionNode = FALSE
	EndGlobalSection
	GlobalSection(ProjectConfigurationPlatforms) = postSolution
		{3245BB94-1E2D-4683-8D14-8FD453438734}.Debug|Any CPU.ActiveCfg = Debug|Any CPU
		{3245BB94-1E2D-4683-8D14-8FD453438734}.Debug|Any CPU.Build.0 = Debug|Any CPU
		{3245BB94-1E2D-4683-8D14-8FD453438734}.Release|Any CPU.ActiveCfg = Release|Any CPU
		{3245BB94-1E2D-4683-8D14-8FD453438734}.Release|Any CPU.Build.0 = Release|Any CPU
		{1C0E9952-15E1-4927-BA3F-3D0622A9328B}.Debug|Any CPU.ActiveCfg = Debug|Any CPU
		{1C0E9952-15E1-4927-BA3F-3D0622A9328B}.Debug|Any CPU.Build.0 = Debug|Any CPU
		{1C0E9952-15E1-4927-BA3F-3D0622A9328B}.Release|Any CPU.ActiveCfg = Release|Any CPU
		{1C0E9952-15E1-4927-BA3F-3D0622A9328B}.Release|Any CPU.Build.0 = Release|Any CPU
		{DAAC3DDC-C26D-4ECF-BC84-CEFA643A5728}.Debug|Any CPU.ActiveCfg = Debug|Any CPU
		{DAAC3DDC-C26D-4ECF-BC84-CEFA643A5728}.Debug|Any CPU.Build.0 = Debug|Any CPU
		{DAAC3DDC-C26D-4ECF-BC84-CEFA643A5728}.Release|Any CPU.ActiveCfg = Release|Any CPU
		{DAAC3DDC-C26D-4ECF-BC84-CEFA643A5728}.Release|Any CPU.Build.0 = Release|Any CPU
		{F269543E-3386-4F45-96A9-BBC07CFC9625}.Debug|Any CPU.ActiveCfg = Debug|Any CPU
		{F269543E-3386-4F45-96A9-BBC07CFC9625}.Debug|Any CPU.Build.0 = Debug|Any CPU
		{F269543E-3386-4F45-96A9-BBC07CFC9625}.Release|Any CPU.ActiveCfg = Release|Any CPU
		{F269543E-3386-4F45-96A9-BBC07CFC9625}.Release|Any CPU.Build.0 = Release|Any CPU
		{456900F4-30F0-486E-94C8-CB249CBB0875}.Debug|Any CPU.ActiveCfg = Debug|Any CPU
		{456900F4-30F0-486E-94C8-CB249CBB0875}.Debug|Any CPU.Build.0 = Debug|Any CPU
		{456900F4-30F0-486E-94C8-CB249CBB0875}.Release|Any CPU.ActiveCfg = Release|Any CPU
		{456900F4-30F0-486E-94C8-CB249CBB0875}.Release|Any CPU.Build.0 = Release|Any CPU
		{8BA2A520-F124-4213-BF01-557B1EB8E171}.Debug|Any CPU.ActiveCfg = Debug|Any CPU
		{8BA2A520-F124-4213-BF01-557B1EB8E171}.Debug|Any CPU.Build.0 = Debug|Any CPU
		{8BA2A520-F124-4213-BF01-557B1EB8E171}.Release|Any CPU.ActiveCfg = Release|Any CPU
		{8BA2A520-F124-4213-BF01-557B1EB8E171}.Release|Any CPU.Build.0 = Release|Any CPU
		{A313629C-F6DC-406B-95B3-172C1C7370CD}.Debug|Any CPU.ActiveCfg = Debug|Any CPU
		{A313629C-F6DC-406B-95B3-172C1C7370CD}.Debug|Any CPU.Build.0 = Debug|Any CPU
		{A313629C-F6DC-406B-95B3-172C1C7370CD}.Release|Any CPU.ActiveCfg = Release|Any CPU
		{A313629C-F6DC-406B-95B3-172C1C7370CD}.Release|Any CPU.Build.0 = Release|Any CPU
		{9E8A6CDD-E654-4E23-8C0C-0E463BFFC7B9}.Debug|Any CPU.ActiveCfg = Debug|Any CPU
		{9E8A6CDD-E654-4E23-8C0C-0E463BFFC7B9}.Debug|Any CPU.Build.0 = Debug|Any CPU
		{9E8A6CDD-E654-4E23-8C0C-0E463BFFC7B9}.Release|Any CPU.ActiveCfg = Release|Any CPU
		{9E8A6CDD-E654-4E23-8C0C-0E463BFFC7B9}.Release|Any CPU.Build.0 = Release|Any CPU
	EndGlobalSection
	GlobalSection(NestedProjects) = preSolution
		{DAAC3DDC-C26D-4ECF-BC84-CEFA643A5728} = {696BBFAA-904A-412D-B0D5-F7D177BECFF4}
		{F269543E-3386-4F45-96A9-BBC07CFC9625} = {696BBFAA-904A-412D-B0D5-F7D177BECFF4}
		{456900F4-30F0-486E-94C8-CB249CBB0875} = {696BBFAA-904A-412D-B0D5-F7D177BECFF4}
		{8BA2A520-F124-4213-BF01-557B1EB8E171} = {0D72DBC1-39D6-4A82-B5ED-C2398996B627}
		{A313629C-F6DC-406B-95B3-172C1C7370CD} = {0D72DBC1-39D6-4A82-B5ED-C2398996B627}
		{9E8A6CDD-E654-4E23-8C0C-0E463BFFC7B9} = {0D72DBC1-39D6-4A82-B5ED-C2398996B627}
	EndGlobalSection
EndGlobal
